// !$*UTF8*$!
{
	archiveVersion = 1;
	classes = {
	};
	objectVersion = 55;
	objects = {

/* Begin PBXBuildFile section */
		07616F0F2835305F003E9585 /* data.json in Resources */ = {isa = PBXBuildFile; fileRef = 07616F0E2835305F003E9585 /* data.json */; };
		07616F1128353A7D003E9585 /* ForLocalFiles.swift in Sources */ = {isa = PBXBuildFile; fileRef = 07616F1028353A7D003E9585 /* ForLocalFiles.swift */; };
		07CEDB8D2834CBB6008199D5 /* Pictures.swift in Sources */ = {isa = PBXBuildFile; fileRef = 07CEDB8C2834CBB6008199D5 /* Pictures.swift */; };
		07CEDB912834CF45008199D5 /* PhotosearchModel.swift in Sources */ = {isa = PBXBuildFile; fileRef = 07CEDB902834CF45008199D5 /* PhotosearchModel.swift */; };
		07CEDB932834D124008199D5 /* PhotosearchViewModel.swift in Sources */ = {isa = PBXBuildFile; fileRef = 07CEDB922834D124008199D5 /* PhotosearchViewModel.swift */; };
		07D34CDB2834178B003BFF37 /* PhotosearchApp.swift in Sources */ = {isa = PBXBuildFile; fileRef = 07D34CDA2834178B003BFF37 /* PhotosearchApp.swift */; };
		07D34CDD2834178B003BFF37 /* ContentView.swift in Sources */ = {isa = PBXBuildFile; fileRef = 07D34CDC2834178B003BFF37 /* ContentView.swift */; };
		07D34CDF2834178D003BFF37 /* Assets.xcassets in Resources */ = {isa = PBXBuildFile; fileRef = 07D34CDE2834178D003BFF37 /* Assets.xcassets */; };
		07D34CE22834178D003BFF37 /* Preview Assets.xcassets in Resources */ = {isa = PBXBuildFile; fileRef = 07D34CE12834178D003BFF37 /* Preview Assets.xcassets */; };
		07D34CEF28341B3F003BFF37 /* HomeView.swift in Sources */ = {isa = PBXBuildFile; fileRef = 07D34CEE28341B3F003BFF37 /* HomeView.swift */; };
		07D34CF128341B5D003BFF37 /* FavoriteView.swift in Sources */ = {isa = PBXBuildFile; fileRef = 07D34CF028341B5D003BFF37 /* FavoriteView.swift */; };
		07D34CF32834391A003BFF37 /* DetailedView.swift in Sources */ = {isa = PBXBuildFile; fileRef = 07D34CF22834391A003BFF37 /* DetailedView.swift */; };
/* End PBXBuildFile section */

/* Begin PBXFileReference section */
		07616F0E2835305F003E9585 /* data.json */ = {isa = PBXFileReference; fileEncoding = 4; lastKnownFileType = text.json; name = data.json; path = ../../../Desktop/data.json; sourceTree = "<group>"; };
		07616F1028353A7D003E9585 /* ForLocalFiles.swift */ = {isa = PBXFileReference; lastKnownFileType = sourcecode.swift; path = ForLocalFiles.swift; sourceTree = "<group>"; };
		07CEDB8C2834CBB6008199D5 /* Pictures.swift */ = {isa = PBXFileReference; lastKnownFileType = sourcecode.swift; path = Pictures.swift; sourceTree = "<group>"; };
		07CEDB902834CF45008199D5 /* PhotosearchModel.swift */ = {isa = PBXFileReference; lastKnownFileType = sourcecode.swift; path = PhotosearchModel.swift; sourceTree = "<group>"; };
		07CEDB922834D124008199D5 /* PhotosearchViewModel.swift */ = {isa = PBXFileReference; lastKnownFileType = sourcecode.swift; path = PhotosearchViewModel.swift; sourceTree = "<group>"; };
		07D34CD72834178B003BFF37 /* Photosearch.app */ = {isa = PBXFileReference; explicitFileType = wrapper.application; includeInIndex = 0; path = Photosearch.app; sourceTree = BUILT_PRODUCTS_DIR; };
		07D34CDA2834178B003BFF37 /* PhotosearchApp.swift */ = {isa = PBXFileReference; lastKnownFileType = sourcecode.swift; path = PhotosearchApp.swift; sourceTree = "<group>"; };
		07D34CDC2834178B003BFF37 /* ContentView.swift */ = {isa = PBXFileReference; lastKnownFileType = sourcecode.swift; path = ContentView.swift; sourceTree = "<group>"; };
		07D34CDE2834178D003BFF37 /* Assets.xcassets */ = {isa = PBXFileReference; lastKnownFileType = folder.assetcatalog; path = Assets.xcassets; sourceTree = "<group>"; };
		07D34CE12834178D003BFF37 /* Preview Assets.xcassets */ = {isa = PBXFileReference; lastKnownFileType = folder.assetcatalog; path = "Preview Assets.xcassets"; sourceTree = "<group>"; };
		07D34CEE28341B3F003BFF37 /* HomeView.swift */ = {isa = PBXFileReference; lastKnownFileType = sourcecode.swift; path = HomeView.swift; sourceTree = "<group>"; };
		07D34CF028341B5D003BFF37 /* FavoriteView.swift */ = {isa = PBXFileReference; lastKnownFileType = sourcecode.swift; path = FavoriteView.swift; sourceTree = "<group>"; };
		07D34CF22834391A003BFF37 /* DetailedView.swift */ = {isa = PBXFileReference; lastKnownFileType = sourcecode.swift; path = DetailedView.swift; sourceTree = "<group>"; };
/* End PBXFileReference section */

/* Begin PBXFrameworksBuildPhase section */
		07D34CD42834178B003BFF37 /* Frameworks */ = {
			isa = PBXFrameworksBuildPhase;
			buildActionMask = 2147483647;
			files = (
			);
			runOnlyForDeploymentPostprocessing = 0;
		};
/* End PBXFrameworksBuildPhase section */

/* Begin PBXGroup section */
		07D34CCE2834178B003BFF37 = {
			isa = PBXGroup;
			children = (
				07D34CD92834178B003BFF37 /* Photosearch */,
				07D34CD82834178B003BFF37 /* Products */,
			);
			sourceTree = "<group>";
		};
		07D34CD82834178B003BFF37 /* Products */ = {
			isa = PBXGroup;
			children = (
				07D34CD72834178B003BFF37 /* Photosearch.app */,
			);
			name = Products;
			sourceTree = "<group>";
		};
		07D34CD92834178B003BFF37 /* Photosearch */ = {
			isa = PBXGroup;
			children = (
				07D34CDA2834178B003BFF37 /* PhotosearchApp.swift */,
				07D34CDC2834178B003BFF37 /* ContentView.swift */,
				07CEDB8C2834CBB6008199D5 /* Pictures.swift */,
				07616F0E2835305F003E9585 /* data.json */,
				07CEDB902834CF45008199D5 /* PhotosearchModel.swift */,
				07CEDB922834D124008199D5 /* PhotosearchViewModel.swift */,
				07616F1028353A7D003E9585 /* ForLocalFiles.swift */,
				07D34CEE28341B3F003BFF37 /* HomeView.swift */,
				07D34CF028341B5D003BFF37 /* FavoriteView.swift */,
				07D34CF22834391A003BFF37 /* DetailedView.swift */,
				07D34CDE2834178D003BFF37 /* Assets.xcassets */,
				07D34CE02834178D003BFF37 /* Preview Content */,
			);
			path = Photosearch;
			sourceTree = "<group>";
		};
		07D34CE02834178D003BFF37 /* Preview Content */ = {
			isa = PBXGroup;
			children = (
				07D34CE12834178D003BFF37 /* Preview Assets.xcassets */,
			);
			path = "Preview Content";
			sourceTree = "<group>";
		};
/* End PBXGroup section */

/* Begin PBXNativeTarget section */
		07D34CD62834178B003BFF37 /* Photosearch */ = {
			isa = PBXNativeTarget;
			buildConfigurationList = 07D34CE52834178D003BFF37 /* Build configuration list for PBXNativeTarget "Photosearch" */;
			buildPhases = (
				07D34CD32834178B003BFF37 /* Sources */,
				07D34CD42834178B003BFF37 /* Frameworks */,
				07D34CD52834178B003BFF37 /* Resources */,
			);
			buildRules = (
			);
			dependencies = (
			);
			name = Photosearch;
			productName = Photosearch;
			productReference = 07D34CD72834178B003BFF37 /* Photosearch.app */;
			productType = "com.apple.product-type.application";
		};
/* End PBXNativeTarget section */

/* Begin PBXProject section */
		07D34CCF2834178B003BFF37 /* Project object */ = {
			isa = PBXProject;
			attributes = {
				BuildIndependentTargetsInParallel = 1;
				LastSwiftUpdateCheck = 1330;
				LastUpgradeCheck = 1330;
				TargetAttributes = {
					07D34CD62834178B003BFF37 = {
						CreatedOnToolsVersion = 13.3.1;
					};
				};
			};
			buildConfigurationList = 07D34CD22834178B003BFF37 /* Build configuration list for PBXProject "Photosearch" */;
			compatibilityVersion = "Xcode 13.0";
			developmentRegion = en;
			hasScannedForEncodings = 0;
			knownRegions = (
				en,
				Base,
			);
			mainGroup = 07D34CCE2834178B003BFF37;
			productRefGroup = 07D34CD82834178B003BFF37 /* Products */;
			projectDirPath = "";
			projectRoot = "";
			targets = (
				07D34CD62834178B003BFF37 /* Photosearch */,
			);
		};
/* End PBXProject section */

/* Begin PBXResourcesBuildPhase section */
		07D34CD52834178B003BFF37 /* Resources */ = {
			isa = PBXResourcesBuildPhase;
			buildActionMask = 2147483647;
			files = (
				07D34CE22834178D003BFF37 /* Preview Assets.xcassets in Resources */,
				07616F0F2835305F003E9585 /* data.json in Resources */,
				07D34CDF2834178D003BFF37 /* Assets.xcassets in Resources */,
			);
			runOnlyForDeploymentPostprocessing = 0;
		};
/* End PBXResourcesBuildPhase section */

/* Begin PBXSourcesBuildPhase section */
		07D34CD32834178B003BFF37 /* Sources */ = {
			isa = PBXSourcesBuildPhase;
			buildActionMask = 2147483647;
			files = (
				07D34CEF28341B3F003BFF37 /* HomeView.swift in Sources */,
				07CEDB932834D124008199D5 /* PhotosearchViewModel.swift in Sources */,
				07CEDB912834CF45008199D5 /* PhotosearchModel.swift in Sources */,
				07616F1128353A7D003E9585 /* ForLocalFiles.swift in Sources */,
				07CEDB8D2834CBB6008199D5 /* Pictures.swift in Sources */,
				07D34CDD2834178B003BFF37 /* ContentView.swift in Sources */,
				07D34CF32834391A003BFF37 /* DetailedView.swift in Sources */,
				07D34CDB2834178B003BFF37 /* PhotosearchApp.swift in Sources */,
				07D34CF128341B5D003BFF37 /* FavoriteView.swift in Sources */,
			);
			runOnlyForDeploymentPostprocessing = 0;
		};
/* End PBXSourcesBuildPhase section */

/* Begin XCBuildConfiguration section */
		07D34CE32834178D003BFF37 /* Debug */ = {
			isa = XCBuildConfiguration;
			buildSettings = {
				ALWAYS_SEARCH_USER_PATHS = NO;
				CLANG_ANALYZER_NONNULL = YES;
				CLANG_ANALYZER_NUMBER_OBJECT_CONVERSION = YES_AGGRESSIVE;
				CLANG_CXX_LANGUAGE_STANDARD = "gnu++17";
				CLANG_ENABLE_MODULES = YES;
				CLANG_ENABLE_OBJC_ARC = YES;
				CLANG_ENABLE_OBJC_WEAK = YES;
				CLANG_WARN_BLOCK_CAPTURE_AUTORELEASING = YES;
				CLANG_WARN_BOOL_CONVERSION = YES;
				CLANG_WARN_COMMA = YES;
				CLANG_WARN_CONSTANT_CONVERSION = YES;
				CLANG_WARN_DEPRECATED_OBJC_IMPLEMENTATIONS = YES;
				CLANG_WARN_DIRECT_OBJC_ISA_USAGE = YES_ERROR;
				CLANG_WARN_DOCUMENTATION_COMMENTS = YES;
				CLANG_WARN_EMPTY_BODY = YES;
				CLANG_WARN_ENUM_CONVERSION = YES;
				CLANG_WARN_INFINITE_RECURSION = YES;
				CLANG_WARN_INT_CONVERSION = YES;
				CLANG_WARN_NON_LITERAL_NULL_CONVERSION = YES;
				CLANG_WARN_OBJC_IMPLICIT_RETAIN_SELF = YES;
				CLANG_WARN_OBJC_LITERAL_CONVERSION = YES;
				CLANG_WARN_OBJC_ROOT_CLASS = YES_ERROR;
				CLANG_WARN_QUOTED_INCLUDE_IN_FRAMEWORK_HEADER = YES;
				CLANG_WARN_RANGE_LOOP_ANALYSIS = YES;
				CLANG_WARN_STRICT_PROTOTYPES = YES;
				CLANG_WARN_SUSPICIOUS_MOVE = YES;
				CLANG_WARN_UNGUARDED_AVAILABILITY = YES_AGGRESSIVE;
				CLANG_WARN_UNREACHABLE_CODE = YES;
				CLANG_WARN__DUPLICATE_METHOD_MATCH = YES;
				COPY_PHASE_STRIP = NO;
				DEBUG_INFORMATION_FORMAT = dwarf;
				ENABLE_STRICT_OBJC_MSGSEND = YES;
				ENABLE_TESTABILITY = YES;
				GCC_C_LANGUAGE_STANDARD = gnu11;
				GCC_DYNAMIC_NO_PIC = NO;
				GCC_NO_COMMON_BLOCKS = YES;
				GCC_OPTIMIZATION_LEVEL = 0;
				GCC_PREPROCESSOR_DEFINITIONS = (
					"DEBUG=1",
					"$(inherited)",
				);
				GCC_WARN_64_TO_32_BIT_CONVERSION = YES;
				GCC_WARN_ABOUT_RETURN_TYPE = YES_ERROR;
				GCC_WARN_UNDECLARED_SELECTOR = YES;
				GCC_WARN_UNINITIALIZED_AUTOS = YES_AGGRESSIVE;
				GCC_WARN_UNUSED_FUNCTION = YES;
				GCC_WARN_UNUSED_VARIABLE = YES;
				IPHONEOS_DEPLOYMENT_TARGET = 15.4;
				MTL_ENABLE_DEBUG_INFO = INCLUDE_SOURCE;
				MTL_FAST_MATH = YES;
				ONLY_ACTIVE_ARCH = YES;
				SDKROOT = iphoneos;
				SWIFT_ACTIVE_COMPILATION_CONDITIONS = DEBUG;
				SWIFT_OPTIMIZATION_LEVEL = "-Onone";
			};
			name = Debug;
		};
		07D34CE42834178D003BFF37 /* Release */ = {
			isa = XCBuildConfiguration;
			buildSettings = {
				ALWAYS_SEARCH_USER_PATHS = NO;
				CLANG_ANALYZER_NONNULL = YES;
				CLANG_ANALYZER_NUMBER_OBJECT_CONVERSION = YES_AGGRESSIVE;
				CLANG_CXX_LANGUAGE_STANDARD = "gnu++17";
				CLANG_ENABLE_MODULES = YES;
				CLANG_ENABLE_OBJC_ARC = YES;
				CLANG_ENABLE_OBJC_WEAK = YES;
				CLANG_WARN_BLOCK_CAPTURE_AUTORELEASING = YES;
				CLANG_WARN_BOOL_CONVERSION = YES;
				CLANG_WARN_COMMA = YES;
				CLANG_WARN_CONSTANT_CONVERSION = YES;
				CLANG_WARN_DEPRECATED_OBJC_IMPLEMENTATIONS = YES;
				CLANG_WARN_DIRECT_OBJC_ISA_USAGE = YES_ERROR;
				CLANG_WARN_DOCUMENTATION_COMMENTS = YES;
				CLANG_WARN_EMPTY_BODY = YES;
				CLANG_WARN_ENUM_CONVERSION = YES;
				CLANG_WARN_INFINITE_RECURSION = YES;
				CLANG_WARN_INT_CONVERSION = YES;
				CLANG_WARN_NON_LITERAL_NULL_CONVERSION = YES;
				CLANG_WARN_OBJC_IMPLICIT_RETAIN_SELF = YES;
				CLANG_WARN_OBJC_LITERAL_CONVERSION = YES;
				CLANG_WARN_OBJC_ROOT_CLASS = YES_ERROR;
				CLANG_WARN_QUOTED_INCLUDE_IN_FRAMEWORK_HEADER = YES;
				CLANG_WARN_RANGE_LOOP_ANALYSIS = YES;
				CLANG_WARN_STRICT_PROTOTYPES = YES;
				CLANG_WARN_SUSPICIOUS_MOVE = YES;
				CLANG_WARN_UNGUARDED_AVAILABILITY = YES_AGGRESSIVE;
				CLANG_WARN_UNREACHABLE_CODE = YES;
				CLANG_WARN__DUPLICATE_METHOD_MATCH = YES;
				COPY_PHASE_STRIP = NO;
				DEBUG_INFORMATION_FORMAT = "dwarf-with-dsym";
				ENABLE_NS_ASSERTIONS = NO;
				ENABLE_STRICT_OBJC_MSGSEND = YES;
				GCC_C_LANGUAGE_STANDARD = gnu11;
				GCC_NO_COMMON_BLOCKS = YES;
				GCC_WARN_64_TO_32_BIT_CONVERSION = YES;
				GCC_WARN_ABOUT_RETURN_TYPE = YES_ERROR;
				GCC_WARN_UNDECLARED_SELECTOR = YES;
				GCC_WARN_UNINITIALIZED_AUTOS = YES_AGGRESSIVE;
				GCC_WARN_UNUSED_FUNCTION = YES;
				GCC_WARN_UNUSED_VARIABLE = YES;
				IPHONEOS_DEPLOYMENT_TARGET = 15.4;
				MTL_ENABLE_DEBUG_INFO = NO;
				MTL_FAST_MATH = YES;
				SDKROOT = iphoneos;
				SWIFT_COMPILATION_MODE = wholemodule;
				SWIFT_OPTIMIZATION_LEVEL = "-O";
				VALIDATE_PRODUCT = YES;
			};
			name = Release;
		};
		07D34CE62834178D003BFF37 /* Debug */ = {
			isa = XCBuildConfiguration;
			buildSettings = {
				ASSETCATALOG_COMPILER_APPICON_NAME = AppIcon;
				ASSETCATALOG_COMPILER_GLOBAL_ACCENT_COLOR_NAME = AccentColor;
				CODE_SIGN_STYLE = Automatic;
				CURRENT_PROJECT_VERSION = 1;
				DEVELOPMENT_ASSET_PATHS = "\"Photosearch/Preview Content\"";
				DEVELOPMENT_TEAM = PW635634VD;
				ENABLE_PREVIEWS = YES;
				GENERATE_INFOPLIST_FILE = YES;
				INFOPLIST_KEY_UIApplicationSceneManifest_Generation = YES;
				INFOPLIST_KEY_UIApplicationSupportsIndirectInputEvents = YES;
				INFOPLIST_KEY_UILaunchScreen_Generation = YES;
				INFOPLIST_KEY_UISupportedInterfaceOrientations_iPad = "UIInterfaceOrientationPortrait UIInterfaceOrientationPortraitUpsideDown UIInterfaceOrientationLandscapeLeft UIInterfaceOrientationLandscapeRight";
				INFOPLIST_KEY_UISupportedInterfaceOrientations_iPhone = "UIInterfaceOrientationPortrait UIInterfaceOrientationLandscapeLeft UIInterfaceOrientationLandscapeRight";
				LD_RUNPATH_SEARCH_PATHS = (
					"$(inherited)",
					"@executable_path/Frameworks",
				);
				MARKETING_VERSION = 1.0;
				PRODUCT_BUNDLE_IDENTIFIER = "meami-vladislav-gorovenko.Photosearch";
				PRODUCT_NAME = "$(TARGET_NAME)";
				SWIFT_EMIT_LOC_STRINGS = YES;
				SWIFT_VERSION = 5.0;
				TARGETED_DEVICE_FAMILY = "1,2";
			};
			name = Debug;
		};
		07D34CE72834178D003BFF37 /* Release */ = {
			isa = XCBuildConfiguration;
			buildSettings = {
				ASSETCATALOG_COMPILER_APPICON_NAME = AppIcon;
				ASSETCATALOG_COMPILER_GLOBAL_ACCENT_COLOR_NAME = AccentColor;
				CODE_SIGN_STYLE = Automatic;
				CURRENT_PROJECT_VERSION = 1;
				DEVELOPMENT_ASSET_PATHS = "\"Photosearch/Preview Content\"";
				DEVELOPMENT_TEAM = PW635634VD;
				ENABLE_PREVIEWS = YES;
				GENERATE_INFOPLIST_FILE = YES;
				INFOPLIST_KEY_UIApplicationSceneManifest_Generation = YES;
				INFOPLIST_KEY_UIApplicationSupportsIndirectInputEvents = YES;
				INFOPLIST_KEY_UILaunchScreen_Generation = YES;
				INFOPLIST_KEY_UISupportedInterfaceOrientations_iPad = "UIInterfaceOrientationPortrait UIInterfaceOrientationPortraitUpsideDown UIInterfaceOrientationLandscapeLeft UIInterfaceOrientationLandscapeRight";
				INFOPLIST_KEY_UISupportedInterfaceOrientations_iPhone = "UIInterfaceOrientationPortrait UIInterfaceOrientationLandscapeLeft UIInterfaceOrientationLandscapeRight";
				LD_RUNPATH_SEARCH_PATHS = (
					"$(inherited)",
					"@executable_path/Frameworks",
				);
				MARKETING_VERSION = 1.0;
				PRODUCT_BUNDLE_IDENTIFIER = "meami-vladislav-gorovenko.Photosearch";
				PRODUCT_NAME = "$(TARGET_NAME)";
				SWIFT_EMIT_LOC_STRINGS = YES;
				SWIFT_VERSION = 5.0;
				TARGETED_DEVICE_FAMILY = "1,2";
			};
			name = Release;
		};
/* End XCBuildConfiguration section */

/* Begin XCConfigurationList section */
		07D34CD22834178B003BFF37 /* Build configuration list for PBXProject "Photosearch" */ = {
			isa = XCConfigurationList;
			buildConfigurations = (
				07D34CE32834178D003BFF37 /* Debug */,
				07D34CE42834178D003BFF37 /* Release */,
			);
			defaultConfigurationIsVisible = 0;
			defaultConfigurationName = Release;
		};
		07D34CE52834178D003BFF37 /* Build configuration list for PBXNativeTarget "Photosearch" */ = {
			isa = XCConfigurationList;
			buildConfigurations = (
				07D34CE62834178D003BFF37 /* Debug */,
				07D34CE72834178D003BFF37 /* Release */,
			);
			defaultConfigurationIsVisible = 0;
			defaultConfigurationName = Release;
		};
/* End XCConfigurationList section */
	};
	rootObject = 07D34CCF2834178B003BFF37 /* Project object */;
}
